
Microsoft Visual Studio Solution File, Format Version 12.00
# Visual Studio 2013
VisualStudioVersion = 12.0.21005.1
MinimumVisualStudioVersion = 10.0.40219.1
Project("{FAE04EC0-301F-11D3-BF4B-00C04F79EFBC}") = "MefPrototype.Domain", "MefPrototype.Domain\MefPrototype.Domain.csproj", "{9C23E790-F6AA-4F93-83D0-DE0374A6A9B1}"
EndProject
Project("{FAE04EC0-301F-11D3-BF4B-00C04F79EFBC}") = "MefPrototype.ConsoleApp", "MefPrototype.ConsoleApp\MefPrototype.ConsoleApp.csproj", "{FC8A3C16-532A-43C5-ADDB-DD6C2A764313}"
EndProject
Project("{FAE04EC0-301F-11D3-BF4B-00C04F79EFBC}") = "MefPrototype.Domain.Contracts", "MefPrototype.Domain.Contracts\MefPrototype.Domain.Contracts.csproj", "{105AAB06-38C5-464A-9352-C0867CE8FE28}"
EndProject
Project("{FAE04EC0-301F-11D3-BF4B-00C04F79EFBC}") = "MefPrototype.Domain.Extensions", "MefPrototype.Domain.Extensions\MefPrototype.Domain.Extensions.csproj", "{FCB85BD3-7093-4417-B357-030F067C3914}"
EndProject
Global
	GlobalSection(SolutionConfigurationPlatforms) = preSolution
		Debug|Any CPU = Debug|Any CPU
		Release|Any CPU = Release|Any CPU
	EndGlobalSection
	GlobalSection(ProjectConfigurationPlatforms) = postSolution
		{9C23E790-F6AA-4F93-83D0-DE0374A6A9B1}.Debug|Any CPU.ActiveCfg = Debug|Any CPU
		{9C23E790-F6AA-4F93-83D0-DE0374A6A9B1}.Debug|Any CPU.Build.0 = Debug|Any CPU
		{9C23E790-F6AA-4F93-83D0-DE0374A6A9B1}.Release|Any CPU.ActiveCfg = Release|Any CPU
		{9C23E790-F6AA-4F93-83D0-DE0374A6A9B1}.Release|Any CPU.Build.0 = Release|Any CPU
		{FC8A3C16-532A-43C5-ADDB-DD6C2A764313}.Debug|Any CPU.ActiveCfg = Debug|Any CPU
		{FC8A3C16-532A-43C5-ADDB-DD6C2A764313}.Debug|Any CPU.Build.0 = Debug|Any CPU
		{FC8A3C16-532A-43C5-ADDB-DD6C2A764313}.Release|Any CPU.ActiveCfg = Release|Any CPU
		{FC8A3C16-532A-43C5-ADDB-DD6C2A764313}.Release|Any CPU.Build.0 = Release|Any CPU
		{105AAB06-38C5-464A-9352-C0867CE8FE28}.Debug|Any CPU.ActiveCfg = Debug|Any CPU
		{105AAB06-38C5-464A-9352-C0867CE8FE28}.Debug|Any CPU.Build.0 = Debug|Any CPU
		{105AAB06-38C5-464A-9352-C0867CE8FE28}.Release|Any CPU.ActiveCfg = Release|Any CPU
		{105AAB06-38C5-464A-9352-C0867CE8FE28}.Release|Any CPU.Build.0 = Release|Any CPU
		{FCB85BD3-7093-4417-B357-030F067C3914}.Debug|Any CPU.ActiveCfg = Debug|Any CPU
		{FCB85BD3-7093-4417-B357-030F067C3914}.Debug|Any CPU.Build.0 = Debug|Any CPU
		{FCB85BD3-7093-4417-B357-030F067C3914}.Release|Any CPU.ActiveCfg = Release|Any CPU
		{FCB85BD3-7093-4417-B357-030F067C3914}.Release|Any CPU.Build.0 = Release|Any CPU
	EndGlobalSection
	GlobalSection(SolutionProperties) = preSolution
		HideSolutionNode = FALSE
	EndGlobalSection
EndGlobal
